PODS:
  - beacons (0.0.1):
    - Flutter
    - streams_channel
  - Flutter (1.0.0)
  - flutter_local_notifications (0.0.1):
    - Flutter
  - streams_channel (0.2.1):
    - Flutter

DEPENDENCIES:
  - beacons (from `.symlinks/plugins/beacons/ios`)
  - Flutter (from `Flutter`)
  - flutter_local_notifications (from `.symlinks/plugins/flutter_local_notifications/ios`)
  - streams_channel (from `.symlinks/plugins/streams_channel/ios`)

EXTERNAL SOURCES:
  beacons:
    :path: ".symlinks/plugins/beacons/ios"
  Flutter:
    :path: Flutter
  flutter_local_notifications:
    :path: ".symlinks/plugins/flutter_local_notifications/ios"
  streams_channel:
    :path: ".symlinks/plugins/streams_channel/ios"

SPEC CHECKSUMS:
  beacons: 60df21535d586bfa2a4b502f8fe20cda97f27073
  Flutter: 50d75fe2f02b26cc09d224853bb45737f8b3214a
  flutter_local_notifications: 0c0b1ae97e741e1521e4c1629a459d04b9aec743
  streams_channel: 733858967fb8b62e0d63a1d03f6b8f0cb7d3bfc2

PODFILE CHECKSUM: aafe91acc616949ddb318b77800a7f51bffa2a4c

COCOAPODS: 1.11.2
